// !$*UTF8*$!
{
	archiveVersion = 1;
	classes = {
	};
	objectVersion = 56;
	objects = {

/* Begin PBXBuildFile section */
		1A03E6372BE98ED200A0ACBB /* Bottle_with_anthropomorphic_head.usdz in Resources */ = {isa = PBXBuildFile; fileRef = 1A03E6142BE98ED200A0ACBB /* Bottle_with_anthropomorphic_head.usdz */; };
		1A03E6382BE98ED200A0ACBB /* Anthropomorphic_vessel.usdz in Resources */ = {isa = PBXBuildFile; fileRef = 1A03E6152BE98ED200A0ACBB /* Anthropomorphic_vessel.usdz */; };
		1A03E6392BE98ED200A0ACBB /* Apulian_bell_krater.usdz in Resources */ = {isa = PBXBuildFile; fileRef = 1A03E6162BE98ED200A0ACBB /* Apulian_bell_krater.usdz */; };
		1A03E63A2BE98ED200A0ACBB /* Attic_black_figured_hydria.usdz in Resources */ = {isa = PBXBuildFile; fileRef = 1A03E6172BE98ED200A0ACBB /* Attic_black_figured_hydria.usdz */; };
		1A03E63B2BE98ED200A0ACBB /* Attic_black-figure_amphora.usdz in Resources */ = {isa = PBXBuildFile; fileRef = 1A03E6182BE98ED200A0ACBB /* Attic_black-figure_amphora.usdz */; };
		1A03E63C2BE98ED200A0ACBB /* Attic_red_figured_krater.usdz in Resources */ = {isa = PBXBuildFile; fileRef = 1A03E6192BE98ED200A0ACBB /* Attic_red_figured_krater.usdz */; };
		1A03E63D2BE98ED200A0ACBB /* Attic_red-figure_pelike.usdz in Resources */ = {isa = PBXBuildFile; fileRef = 1A03E61A2BE98ED200A0ACBB /* Attic_red-figure_pelike.usdz */; };
		1A03E63E2BE98ED200A0ACBB /* Carved_gourd.usdz in Resources */ = {isa = PBXBuildFile; fileRef = 1A03E61B2BE98ED200A0ACBB /* Carved_gourd.usdz */; };
		1A03E63F2BE98ED200A0ACBB /* Corinthian_bowl.usdz in Resources */ = {isa = PBXBuildFile; fileRef = 1A03E61C2BE98ED200A0ACBB /* Corinthian_bowl.usdz */; };
		1A03E6402BE98ED200A0ACBB /* Corinthian_oinochoe.usdz in Resources */ = {isa = PBXBuildFile; fileRef = 1A03E61D2BE98ED200A0ACBB /* Corinthian_oinochoe.usdz */; };
		1A03E6412BE98ED200A0ACBB /* Cup_with_painted_face.usdz in Resources */ = {isa = PBXBuildFile; fileRef = 1A03E61E2BE98ED200A0ACBB /* Cup_with_painted_face.usdz */; };
		1A03E6422BE98ED200A0ACBB /* Female_terracotta_head_from_an_etruscan_tomb.usdz in Resources */ = {isa = PBXBuildFile; fileRef = 1A03E61F2BE98ED200A0ACBB /* Female_terracotta_head_from_an_etruscan_tomb.usdz */; };
		1A03E6432BE98ED200A0ACBB /* Geometric_bowl_from_athens.usdz in Resources */ = {isa = PBXBuildFile; fileRef = 1A03E6202BE98ED200A0ACBB /* Geometric_bowl_from_athens.usdz */; };
		1A03E6442BE98ED200A0ACBB /* Head_of_a_horse.usdz in Resources */ = {isa = PBXBuildFile; fileRef = 1A03E6212BE98ED200A0ACBB /* Head_of_a_horse.usdz */; };
		1A03E6452BE98ED200A0ACBB /* Laconian_kylix.usdz in Resources */ = {isa = PBXBuildFile; fileRef = 1A03E6222BE98ED200A0ACBB /* Laconian_kylix.usdz */; };
		1A03E6462BE98ED200A0ACBB /* Male_head_from_an_etruscan_tomb.usdz in Resources */ = {isa = PBXBuildFile; fileRef = 1A03E6232BE98ED200A0ACBB /* Male_head_from_an_etruscan_tomb.usdz */; };
		1A03E6472BE98ED200A0ACBB /* Male_terracotta_figurines.usdz in Resources */ = {isa = PBXBuildFile; fileRef = 1A03E6242BE98ED200A0ACBB /* Male_terracotta_figurines.usdz */; };
		1A03E6482BE98ED200A0ACBB /* Mycenaean_kylix.usdz in Resources */ = {isa = PBXBuildFile; fileRef = 1A03E6252BE98ED200A0ACBB /* Mycenaean_kylix.usdz */; };
		1A03E6492BE98ED200A0ACBB /* Painted_vessel.usdz in Resources */ = {isa = PBXBuildFile; fileRef = 1A03E6262BE98ED200A0ACBB /* Painted_vessel.usdz */; };
		1A03E64A2BE98ED200A0ACBB /* Pinax_with_depiction_of_zeus.usdz in Resources */ = {isa = PBXBuildFile; fileRef = 1A03E6272BE98ED200A0ACBB /* Pinax_with_depiction_of_zeus.usdz */; };
		1A03E64B2BE98ED200A0ACBB /* Pomegranate.usdz in Resources */ = {isa = PBXBuildFile; fileRef = 1A03E6282BE98ED200A0ACBB /* Pomegranate.usdz */; };
		1A03E64C2BE98ED200A0ACBB /* Protogeometric_lekythos_from_athens.usdz in Resources */ = {isa = PBXBuildFile; fileRef = 1A03E6292BE98ED200A0ACBB /* Protogeometric_lekythos_from_athens.usdz */; };
		1A03E64D2BE98ED200A0ACBB /* Saint-valentin_cup.usdz in Resources */ = {isa = PBXBuildFile; fileRef = 1A03E62A2BE98ED200A0ACBB /* Saint-valentin_cup.usdz */; };
		1A03E64E2BE98ED200A0ACBB /* Small_terracotta_figurine_of_a_veiled_woman.usdz in Resources */ = {isa = PBXBuildFile; fileRef = 1A03E62B2BE98ED200A0ACBB /* Small_terracotta_figurine_of_a_veiled_woman.usdz */; };
		1A03E64F2BE98ED200A0ACBB /* Terracotta_figurine_of_a_dog.usdz in Resources */ = {isa = PBXBuildFile; fileRef = 1A03E62C2BE98ED200A0ACBB /* Terracotta_figurine_of_a_dog.usdz */; };
		1A03E6502BE98ED200A0ACBB /* Terracotta_figurine_of_a_monkey_grinding_grain.usdz in Resources */ = {isa = PBXBuildFile; fileRef = 1A03E62D2BE98ED200A0ACBB /* Terracotta_figurine_of_a_monkey_grinding_grain.usdz */; };
		1A03E6512BE98ED200A0ACBB /* Terracotta_figurine_of_a_seated_goddess.usdz in Resources */ = {isa = PBXBuildFile; fileRef = 1A03E62E2BE98ED200A0ACBB /* Terracotta_figurine_of_a_seated_goddess.usdz */; };
		1A03E6522BE98ED200A0ACBB /* Terracotta_figurine_of_a_veiled_woman.usdz in Resources */ = {isa = PBXBuildFile; fileRef = 1A03E62F2BE98ED200A0ACBB /* Terracotta_figurine_of_a_veiled_woman.usdz */; };
		1A03E6532BE98ED200A0ACBB /* Terracotta_figurine_of_a_woman.usdz in Resources */ = {isa = PBXBuildFile; fileRef = 1A03E6302BE98ED200A0ACBB /* Terracotta_figurine_of_a_woman.usdz */; };
		1A03E6542BE98ED200A0ACBB /* Vessel_with_anthropomorphic_application.usdz in Resources */ = {isa = PBXBuildFile; fileRef = 1A03E6312BE98ED200A0ACBB /* Vessel_with_anthropomorphic_application.usdz */; };
		1A03E6562BE98ED200A0ACBB /* Vessel_with_geometric_pattern.usdz in Resources */ = {isa = PBXBuildFile; fileRef = 1A03E6332BE98ED200A0ACBB /* Vessel_with_geometric_pattern.usdz */; };
		1A03E6572BE98ED200A0ACBB /* Vessel_with_inscription.usdz in Resources */ = {isa = PBXBuildFile; fileRef = 1A03E6342BE98ED200A0ACBB /* Vessel_with_inscription.usdz */; };
		1A03E6582BE98ED200A0ACBB /* Zapotec_ceramic_vessel.usdz in Resources */ = {isa = PBXBuildFile; fileRef = 1A03E6352BE98ED200A0ACBB /* Zapotec_ceramic_vessel.usdz */; };
		1A07A28C2BED5862002E103D /* ArcyRecommender.mlmodel in Sources */ = {isa = PBXBuildFile; fileRef = 1A07A28B2BED5862002E103D /* ArcyRecommender.mlmodel */; };
		1A07A28E2BED58BC002E103D /* RecommendationView.swift in Sources */ = {isa = PBXBuildFile; fileRef = 1A07A28D2BED58BC002E103D /* RecommendationView.swift */; };
		1A07A2902BED6344002E103D /* GridView.swift in Sources */ = {isa = PBXBuildFile; fileRef = 1A07A28F2BED6344002E103D /* GridView.swift */; };
		1A0CE8502BEFB27B009203F1 /* PhotosModel.xcdatamodeld in Sources */ = {isa = PBXBuildFile; fileRef = 1A0CE84E2BEFB27B009203F1 /* PhotosModel.xcdatamodeld */; };
		1A0CE8522BEFB353009203F1 /* Photo.swift in Sources */ = {isa = PBXBuildFile; fileRef = 1A0CE8512BEFB353009203F1 /* Photo.swift */; };
		1A0CE8542BEFB438009203F1 /* CoreDataManager.swift in Sources */ = {isa = PBXBuildFile; fileRef = 1A0CE8532BEFB438009203F1 /* CoreDataManager.swift */; };
		1A0CE8562BEFB5C0009203F1 /* UIImageTransformer.swift in Sources */ = {isa = PBXBuildFile; fileRef = 1A0CE8552BEFB5C0009203F1 /* UIImageTransformer.swift */; };
		1A0CE8582BEFB6DB009203F1 /* PhotosViewModel.swift in Sources */ = {isa = PBXBuildFile; fileRef = 1A0CE8572BEFB6DB009203F1 /* PhotosViewModel.swift */; };
		1A185AE42BE44EEC00B7843C /* Sinebow.metal in Sources */ = {isa = PBXBuildFile; fileRef = 1A185AE32BE44EEC00B7843C /* Sinebow.metal */; };
		1A2405332BED263A00AD9D17 /* MeetAIAnimatedGradient.swift in Sources */ = {isa = PBXBuildFile; fileRef = 1A2405322BED263A00AD9D17 /* MeetAIAnimatedGradient.swift */; };
		1A2473282BE538E4001A0275 /* ProfilePictureView.swift in Sources */ = {isa = PBXBuildFile; fileRef = 1A2473272BE538E4001A0275 /* ProfilePictureView.swift */; };
		1A24732A2BE550C8001A0275 /* ArtifactFlatCardView.swift in Sources */ = {isa = PBXBuildFile; fileRef = 1A2473292BE550C8001A0275 /* ArtifactFlatCardView.swift */; };
		1A24732C2BE563D6001A0275 /* LikeButtonView.swift in Sources */ = {isa = PBXBuildFile; fileRef = 1A24732B2BE563D6001A0275 /* LikeButtonView.swift */; };
		1A24732E2BE568CA001A0275 /* GuessGameView.swift in Sources */ = {isa = PBXBuildFile; fileRef = 1A24732D2BE568CA001A0275 /* GuessGameView.swift */; };
		1A2473302BE5690C001A0275 /* ArtifactModelView.swift in Sources */ = {isa = PBXBuildFile; fileRef = 1A24732F2BE5690B001A0275 /* ArtifactModelView.swift */; };
		1A2473322BE574A1001A0275 /* ProfileEditView.swift in Sources */ = {isa = PBXBuildFile; fileRef = 1A2473312BE574A1001A0275 /* ProfileEditView.swift */; };
		1A2473342BE576FD001A0275 /* OnboardingCardView.swift in Sources */ = {isa = PBXBuildFile; fileRef = 1A2473332BE576FD001A0275 /* OnboardingCardView.swift */; };
		1A2473362BE578AF001A0275 /* OnboardingFeaturesView.swift in Sources */ = {isa = PBXBuildFile; fileRef = 1A2473352BE578AF001A0275 /* OnboardingFeaturesView.swift */; };
		1A24735D2BE584AA001A0275 /* Lottie in Frameworks */ = {isa = PBXBuildFile; productRef = 1A24735C2BE584AA001A0275 /* Lottie */; };
		1A2473632BE58514001A0275 /* LottieView.swift in Sources */ = {isa = PBXBuildFile; fileRef = 1A24735F2BE58514001A0275 /* LottieView.swift */; };
		1A2473642BE58514001A0275 /* UILottieView.swift in Sources */ = {isa = PBXBuildFile; fileRef = 1A2473602BE58514001A0275 /* UILottieView.swift */; };
		1A24736C2BE59638001A0275 /* OneShotLikeButtonView.swift in Sources */ = {isa = PBXBuildFile; fileRef = 1A24736B2BE59638001A0275 /* OneShotLikeButtonView.swift */; };
		1A24736E2BE597A1001A0275 /* like_animation_white.lottie in Resources */ = {isa = PBXBuildFile; fileRef = 1A24736D2BE597A1001A0275 /* like_animation_white.lottie */; };
		1A2473702BE5A47F001A0275 /* CollectionView.swift in Sources */ = {isa = PBXBuildFile; fileRef = 1A24736F2BE5A47F001A0275 /* CollectionView.swift */; };
		1A31C88D2BE4245E004CCB0B /* ArtifactModel.swift in Sources */ = {isa = PBXBuildFile; fileRef = 1A31C88C2BE4245E004CCB0B /* ArtifactModel.swift */; };
		1A31C8A52BE42E8A004CCB0B /* ArtifactViewModel.swift in Sources */ = {isa = PBXBuildFile; fileRef = 1A31C8A42BE42E8A004CCB0B /* ArtifactViewModel.swift */; };
		1A31C8AB2BE43BA5004CCB0B /* OnboardingWelcomeView.swift in Sources */ = {isa = PBXBuildFile; fileRef = 1A31C8AA2BE43BA5004CCB0B /* OnboardingWelcomeView.swift */; };
		1A31C8AE2BE43D68004CCB0B /* OnboardingProfileView.swift in Sources */ = {isa = PBXBuildFile; fileRef = 1A31C8AD2BE43D68004CCB0B /* OnboardingProfileView.swift */; };
		1A31C8B02BE44310004CCB0B /* ProfileView.swift in Sources */ = {isa = PBXBuildFile; fileRef = 1A31C8AF2BE44310004CCB0B /* ProfileView.swift */; };
		1A358F7F2BE6BFDF001AB224 /* CenteredLabelStyle.swift in Sources */ = {isa = PBXBuildFile; fileRef = 1A358F7E2BE6BFDF001AB224 /* CenteredLabelStyle.swift */; };
		1A3B77E62BE7B33B008DCBF4 /* OnboardingRecommendationView.swift in Sources */ = {isa = PBXBuildFile; fileRef = 1A3B77E52BE7B33B008DCBF4 /* OnboardingRecommendationView.swift */; };
		1A3B77EA2BE7DE8D008DCBF4 /* BackgroundGradientView.swift in Sources */ = {isa = PBXBuildFile; fileRef = 1A3B77E92BE7DE8D008DCBF4 /* BackgroundGradientView.swift */; };
		1A3B77F42BE7E9E8008DCBF4 /* Shimmer.metal in Sources */ = {isa = PBXBuildFile; fileRef = 1A3B77F32BE7E9E8008DCBF4 /* Shimmer.metal */; };
		1A44CC5F2BEAA87B00A3D95B /* ConfettiImmersive.swift in Sources */ = {isa = PBXBuildFile; fileRef = 1A44CC5E2BEAA87B00A3D95B /* ConfettiImmersive.swift */; };
		1A44CC632BEAB86800A3D95B /* UserDataModel.swift in Sources */ = {isa = PBXBuildFile; fileRef = 1A44CC622BEAB86800A3D95B /* UserDataModel.swift */; };
		1A56D1CA2BE6557E00247B85 /* like_animation.lottie in Resources */ = {isa = PBXBuildFile; fileRef = 1A56D1C92BE6557E00247B85 /* like_animation.lottie */; };
		1A595FF12BE96BD20040469C /* LikesModel.swift in Sources */ = {isa = PBXBuildFile; fileRef = 1A595FF02BE96BD20040469C /* LikesModel.swift */; };
		1A80A29F2BEAC0A1001C8192 /* Artifacts.csv in Resources */ = {isa = PBXBuildFile; fileRef = 1A80A29E2BEAC0A1001C8192 /* Artifacts.csv */; };
		1AADF0A62BEF87550095333C /* VolumetricModelView.swift in Sources */ = {isa = PBXBuildFile; fileRef = 1AADF0A52BEF87550095333C /* VolumetricModelView.swift */; };
		1AADF0A82BEF87680095333C /* VolumeModelView.swift in Sources */ = {isa = PBXBuildFile; fileRef = 1AADF0A72BEF87680095333C /* VolumeModelView.swift */; };
		1AADF0AA2BEF877B0095333C /* SecondaryVolumeView.swift in Sources */ = {isa = PBXBuildFile; fileRef = 1AADF0A92BEF877B0095333C /* SecondaryVolumeView.swift */; };
		1AE1ADBF2BEC0F6A00E60AC6 /* SettingsView.swift in Sources */ = {isa = PBXBuildFile; fileRef = 1AE1ADBE2BEC0F6A00E60AC6 /* SettingsView.swift */; };
		1AE1ADC32BEC142000E60AC6 /* AppVersionExtension.swift in Sources */ = {isa = PBXBuildFile; fileRef = 1AE1ADC22BEC142000E60AC6 /* AppVersionExtension.swift */; };
		1AE1ADC52BEC191200E60AC6 /* ProfileStatsView.swift in Sources */ = {isa = PBXBuildFile; fileRef = 1AE1ADC42BEC191200E60AC6 /* ProfileStatsView.swift */; };
		1AE1ADC82BEC19B200E60AC6 /* CircularProgressView.swift in Sources */ = {isa = PBXBuildFile; fileRef = 1AE1ADC72BEC19B200E60AC6 /* CircularProgressView.swift */; };
		1AE7D1372BE91ADB002A98D6 /* GameView.swift in Sources */ = {isa = PBXBuildFile; fileRef = 1AE7D1362BE91ADB002A98D6 /* GameView.swift */; };
		1AE7D1392BE91D64002A98D6 /* ExtensionTransition.swift in Sources */ = {isa = PBXBuildFile; fileRef = 1AE7D1382BE91D64002A98D6 /* ExtensionTransition.swift */; };
		1AE7D1412BE92034002A98D6 /* ProgressBar.swift in Sources */ = {isa = PBXBuildFile; fileRef = 1AE7D1402BE92034002A98D6 /* ProgressBar.swift */; };
		1AE7D1432BE93BF1002A98D6 /* EndOfGameView.swift in Sources */ = {isa = PBXBuildFile; fileRef = 1AE7D1422BE93BF1002A98D6 /* EndOfGameView.swift */; };
		1AE9B2DC2BE9007700465DDE /* GuessGameButtonView.swift in Sources */ = {isa = PBXBuildFile; fileRef = 1AE9B2DB2BE9007700465DDE /* GuessGameButtonView.swift */; };
		1AEA7C512BE82F1F006791FD /* ArtifactButtonView.swift in Sources */ = {isa = PBXBuildFile; fileRef = 1AEA7C502BE82F1F006791FD /* ArtifactButtonView.swift */; };
		1AEA7C542BE83635006791FD /* DevelopedWithLoveView.swift in Sources */ = {isa = PBXBuildFile; fileRef = 1AEA7C532BE83635006791FD /* DevelopedWithLoveView.swift */; };
		1AEA7C572BE83707006791FD /* ExpandableMapView.swift in Sources */ = {isa = PBXBuildFile; fileRef = 1AEA7C562BE83707006791FD /* ExpandableMapView.swift */; };
		1AF111972BD40973004D77EB /* RealityKitContent in Frameworks */ = {isa = PBXBuildFile; productRef = 1AF111962BD40973004D77EB /* RealityKitContent */; };
		1AF111992BD40973004D77EB /* ArcyApp.swift in Sources */ = {isa = PBXBuildFile; fileRef = 1AF111982BD40973004D77EB /* ArcyApp.swift */; };
		1AF1119B2BD40973004D77EB /* ContentView.swift in Sources */ = {isa = PBXBuildFile; fileRef = 1AF1119A2BD40973004D77EB /* ContentView.swift */; };
		1AF1119F2BD40974004D77EB /* Assets.xcassets in Resources */ = {isa = PBXBuildFile; fileRef = 1AF1119E2BD40974004D77EB /* Assets.xcassets */; };
		1AFA26212BE4101900FD8152 /* ArchiveView.swift in Sources */ = {isa = PBXBuildFile; fileRef = 1AFA26202BE4101900FD8152 /* ArchiveView.swift */; };
		1AFA26232BE417EA00FD8152 /* ArchiveDetailView.swift in Sources */ = {isa = PBXBuildFile; fileRef = 1AFA26222BE417EA00FD8152 /* ArchiveDetailView.swift */; };
		1AFA26252BE41B1C00FD8152 /* OnboardingView.swift in Sources */ = {isa = PBXBuildFile; fileRef = 1AFA26242BE41B1C00FD8152 /* OnboardingView.swift */; };
/* End PBXBuildFile section */

/* Begin PBXFileReference section */
		1A03E6142BE98ED200A0ACBB /* Bottle_with_anthropomorphic_head.usdz */ = {isa = PBXFileReference; lastKnownFileType = file.usdz; path = Bottle_with_anthropomorphic_head.usdz; sourceTree = "<group>"; };
		1A03E6152BE98ED200A0ACBB /* Anthropomorphic_vessel.usdz */ = {isa = PBXFileReference; lastKnownFileType = file.usdz; path = Anthropomorphic_vessel.usdz; sourceTree = "<group>"; };
		1A03E6162BE98ED200A0ACBB /* Apulian_bell_krater.usdz */ = {isa = PBXFileReference; lastKnownFileType = file.usdz; path = Apulian_bell_krater.usdz; sourceTree = "<group>"; };
		1A03E6172BE98ED200A0ACBB /* Attic_black_figured_hydria.usdz */ = {isa = PBXFileReference; lastKnownFileType = file.usdz; path = Attic_black_figured_hydria.usdz; sourceTree = "<group>"; };
		1A03E6182BE98ED200A0ACBB /* Attic_black-figure_amphora.usdz */ = {isa = PBXFileReference; lastKnownFileType = file.usdz; path = "Attic_black-figure_amphora.usdz"; sourceTree = "<group>"; };
		1A03E6192BE98ED200A0ACBB /* Attic_red_figured_krater.usdz */ = {isa = PBXFileReference; lastKnownFileType = file.usdz; path = Attic_red_figured_krater.usdz; sourceTree = "<group>"; };
		1A03E61A2BE98ED200A0ACBB /* Attic_red-figure_pelike.usdz */ = {isa = PBXFileReference; lastKnownFileType = file.usdz; path = "Attic_red-figure_pelike.usdz"; sourceTree = "<group>"; };
		1A03E61B2BE98ED200A0ACBB /* Carved_gourd.usdz */ = {isa = PBXFileReference; lastKnownFileType = file.usdz; path = Carved_gourd.usdz; sourceTree = "<group>"; };
		1A03E61C2BE98ED200A0ACBB /* Corinthian_bowl.usdz */ = {isa = PBXFileReference; lastKnownFileType = file.usdz; path = Corinthian_bowl.usdz; sourceTree = "<group>"; };
		1A03E61D2BE98ED200A0ACBB /* Corinthian_oinochoe.usdz */ = {isa = PBXFileReference; lastKnownFileType = file.usdz; path = Corinthian_oinochoe.usdz; sourceTree = "<group>"; };
		1A03E61E2BE98ED200A0ACBB /* Cup_with_painted_face.usdz */ = {isa = PBXFileReference; lastKnownFileType = file.usdz; path = Cup_with_painted_face.usdz; sourceTree = "<group>"; };
		1A03E61F2BE98ED200A0ACBB /* Female_terracotta_head_from_an_etruscan_tomb.usdz */ = {isa = PBXFileReference; lastKnownFileType = file.usdz; path = Female_terracotta_head_from_an_etruscan_tomb.usdz; sourceTree = "<group>"; };
		1A03E6202BE98ED200A0ACBB /* Geometric_bowl_from_athens.usdz */ = {isa = PBXFileReference; lastKnownFileType = file.usdz; path = Geometric_bowl_from_athens.usdz; sourceTree = "<group>"; };
		1A03E6212BE98ED200A0ACBB /* Head_of_a_horse.usdz */ = {isa = PBXFileReference; lastKnownFileType = file.usdz; path = Head_of_a_horse.usdz; sourceTree = "<group>"; };
		1A03E6222BE98ED200A0ACBB /* Laconian_kylix.usdz */ = {isa = PBXFileReference; lastKnownFileType = file.usdz; path = Laconian_kylix.usdz; sourceTree = "<group>"; };
		1A03E6232BE98ED200A0ACBB /* Male_head_from_an_etruscan_tomb.usdz */ = {isa = PBXFileReference; lastKnownFileType = file.usdz; path = Male_head_from_an_etruscan_tomb.usdz; sourceTree = "<group>"; };
		1A03E6242BE98ED200A0ACBB /* Male_terracotta_figurines.usdz */ = {isa = PBXFileReference; lastKnownFileType = file.usdz; path = Male_terracotta_figurines.usdz; sourceTree = "<group>"; };
		1A03E6252BE98ED200A0ACBB /* Mycenaean_kylix.usdz */ = {isa = PBXFileReference; lastKnownFileType = file.usdz; path = Mycenaean_kylix.usdz; sourceTree = "<group>"; };
		1A03E6262BE98ED200A0ACBB /* Painted_vessel.usdz */ = {isa = PBXFileReference; lastKnownFileType = file.usdz; path = Painted_vessel.usdz; sourceTree = "<group>"; };
		1A03E6272BE98ED200A0ACBB /* Pinax_with_depiction_of_zeus.usdz */ = {isa = PBXFileReference; lastKnownFileType = file.usdz; path = Pinax_with_depiction_of_zeus.usdz; sourceTree = "<group>"; };
		1A03E6282BE98ED200A0ACBB /* Pomegranate.usdz */ = {isa = PBXFileReference; lastKnownFileType = file.usdz; path = Pomegranate.usdz; sourceTree = "<group>"; };
		1A03E6292BE98ED200A0ACBB /* Protogeometric_lekythos_from_athens.usdz */ = {isa = PBXFileReference; lastKnownFileType = file.usdz; path = Protogeometric_lekythos_from_athens.usdz; sourceTree = "<group>"; };
		1A03E62A2BE98ED200A0ACBB /* Saint-valentin_cup.usdz */ = {isa = PBXFileReference; lastKnownFileType = file.usdz; path = "Saint-valentin_cup.usdz"; sourceTree = "<group>"; };
		1A03E62B2BE98ED200A0ACBB /* Small_terracotta_figurine_of_a_veiled_woman.usdz */ = {isa = PBXFileReference; lastKnownFileType = file.usdz; path = Small_terracotta_figurine_of_a_veiled_woman.usdz; sourceTree = "<group>"; };
		1A03E62C2BE98ED200A0ACBB /* Terracotta_figurine_of_a_dog.usdz */ = {isa = PBXFileReference; lastKnownFileType = file.usdz; path = Terracotta_figurine_of_a_dog.usdz; sourceTree = "<group>"; };
		1A03E62D2BE98ED200A0ACBB /* Terracotta_figurine_of_a_monkey_grinding_grain.usdz */ = {isa = PBXFileReference; lastKnownFileType = file.usdz; path = Terracotta_figurine_of_a_monkey_grinding_grain.usdz; sourceTree = "<group>"; };
		1A03E62E2BE98ED200A0ACBB /* Terracotta_figurine_of_a_seated_goddess.usdz */ = {isa = PBXFileReference; lastKnownFileType = file.usdz; path = Terracotta_figurine_of_a_seated_goddess.usdz; sourceTree = "<group>"; };
		1A03E62F2BE98ED200A0ACBB /* Terracotta_figurine_of_a_veiled_woman.usdz */ = {isa = PBXFileReference; lastKnownFileType = file.usdz; path = Terracotta_figurine_of_a_veiled_woman.usdz; sourceTree = "<group>"; };
		1A03E6302BE98ED200A0ACBB /* Terracotta_figurine_of_a_woman.usdz */ = {isa = PBXFileReference; lastKnownFileType = file.usdz; path = Terracotta_figurine_of_a_woman.usdz; sourceTree = "<group>"; };
		1A03E6312BE98ED200A0ACBB /* Vessel_with_anthropomorphic_application.usdz */ = {isa = PBXFileReference; lastKnownFileType = file.usdz; path = Vessel_with_anthropomorphic_application.usdz; sourceTree = "<group>"; };
		1A03E6332BE98ED200A0ACBB /* Vessel_with_geometric_pattern.usdz */ = {isa = PBXFileReference; lastKnownFileType = file.usdz; path = Vessel_with_geometric_pattern.usdz; sourceTree = "<group>"; };
		1A03E6342BE98ED200A0ACBB /* Vessel_with_inscription.usdz */ = {isa = PBXFileReference; lastKnownFileType = file.usdz; path = Vessel_with_inscription.usdz; sourceTree = "<group>"; };
		1A03E6352BE98ED200A0ACBB /* Zapotec_ceramic_vessel.usdz */ = {isa = PBXFileReference; lastKnownFileType = file.usdz; path = Zapotec_ceramic_vessel.usdz; sourceTree = "<group>"; };
		1A07A28B2BED5862002E103D /* ArcyRecommender.mlmodel */ = {isa = PBXFileReference; lastKnownFileType = file.mlmodel; path = ArcyRecommender.mlmodel; sourceTree = "<group>"; };
		1A07A28D2BED58BC002E103D /* RecommendationView.swift */ = {isa = PBXFileReference; lastKnownFileType = sourcecode.swift; path = RecommendationView.swift; sourceTree = "<group>"; };
		1A07A28F2BED6344002E103D /* GridView.swift */ = {isa = PBXFileReference; lastKnownFileType = sourcecode.swift; path = GridView.swift; sourceTree = "<group>"; };
		1A0CE84F2BEFB27B009203F1 /* Model.xcdatamodel */ = {isa = PBXFileReference; lastKnownFileType = wrapper.xcdatamodel; path = Model.xcdatamodel; sourceTree = "<group>"; };
		1A0CE8512BEFB353009203F1 /* Photo.swift */ = {isa = PBXFileReference; lastKnownFileType = sourcecode.swift; path = Photo.swift; sourceTree = "<group>"; };
		1A0CE8532BEFB438009203F1 /* CoreDataManager.swift */ = {isa = PBXFileReference; lastKnownFileType = sourcecode.swift; path = CoreDataManager.swift; sourceTree = "<group>"; };
		1A0CE8552BEFB5C0009203F1 /* UIImageTransformer.swift */ = {isa = PBXFileReference; lastKnownFileType = sourcecode.swift; path = UIImageTransformer.swift; sourceTree = "<group>"; };
		1A0CE8572BEFB6DB009203F1 /* PhotosViewModel.swift */ = {isa = PBXFileReference; lastKnownFileType = sourcecode.swift; path = PhotosViewModel.swift; sourceTree = "<group>"; };
		1A185AE32BE44EEC00B7843C /* Sinebow.metal */ = {isa = PBXFileReference; fileEncoding = 4; lastKnownFileType = sourcecode.metal; path = Sinebow.metal; sourceTree = "<group>"; };
		1A2405322BED263A00AD9D17 /* MeetAIAnimatedGradient.swift */ = {isa = PBXFileReference; fileEncoding = 4; lastKnownFileType = sourcecode.swift; path = MeetAIAnimatedGradient.swift; sourceTree = "<group>"; };
		1A2473272BE538E4001A0275 /* ProfilePictureView.swift */ = {isa = PBXFileReference; lastKnownFileType = sourcecode.swift; path = ProfilePictureView.swift; sourceTree = "<group>"; };
		1A2473292BE550C8001A0275 /* ArtifactFlatCardView.swift */ = {isa = PBXFileReference; lastKnownFileType = sourcecode.swift; path = ArtifactFlatCardView.swift; sourceTree = "<group>"; };
		1A24732B2BE563D6001A0275 /* LikeButtonView.swift */ = {isa = PBXFileReference; lastKnownFileType = sourcecode.swift; path = LikeButtonView.swift; sourceTree = "<group>"; };
		1A24732D2BE568CA001A0275 /* GuessGameView.swift */ = {isa = PBXFileReference; lastKnownFileType = sourcecode.swift; path = GuessGameView.swift; sourceTree = "<group>"; };
		1A24732F2BE5690B001A0275 /* ArtifactModelView.swift */ = {isa = PBXFileReference; lastKnownFileType = sourcecode.swift; path = ArtifactModelView.swift; sourceTree = "<group>"; };
		1A2473312BE574A1001A0275 /* ProfileEditView.swift */ = {isa = PBXFileReference; lastKnownFileType = sourcecode.swift; path = ProfileEditView.swift; sourceTree = "<group>"; };
		1A2473332BE576FD001A0275 /* OnboardingCardView.swift */ = {isa = PBXFileReference; lastKnownFileType = sourcecode.swift; path = OnboardingCardView.swift; sourceTree = "<group>"; };
		1A2473352BE578AF001A0275 /* OnboardingFeaturesView.swift */ = {isa = PBXFileReference; lastKnownFileType = sourcecode.swift; path = OnboardingFeaturesView.swift; sourceTree = "<group>"; };
		1A24735F2BE58514001A0275 /* LottieView.swift */ = {isa = PBXFileReference; fileEncoding = 4; lastKnownFileType = sourcecode.swift; path = LottieView.swift; sourceTree = "<group>"; };
		1A2473602BE58514001A0275 /* UILottieView.swift */ = {isa = PBXFileReference; fileEncoding = 4; lastKnownFileType = sourcecode.swift; path = UILottieView.swift; sourceTree = "<group>"; };
		1A24736B2BE59638001A0275 /* OneShotLikeButtonView.swift */ = {isa = PBXFileReference; lastKnownFileType = sourcecode.swift; path = OneShotLikeButtonView.swift; sourceTree = "<group>"; };
		1A24736D2BE597A1001A0275 /* like_animation_white.lottie */ = {isa = PBXFileReference; lastKnownFileType = file; path = like_animation_white.lottie; sourceTree = "<group>"; };
		1A24736F2BE5A47F001A0275 /* CollectionView.swift */ = {isa = PBXFileReference; lastKnownFileType = sourcecode.swift; path = CollectionView.swift; sourceTree = "<group>"; };
		1A31C88C2BE4245E004CCB0B /* ArtifactModel.swift */ = {isa = PBXFileReference; lastKnownFileType = sourcecode.swift; path = ArtifactModel.swift; sourceTree = "<group>"; };
		1A31C8A42BE42E8A004CCB0B /* ArtifactViewModel.swift */ = {isa = PBXFileReference; lastKnownFileType = sourcecode.swift; path = ArtifactViewModel.swift; sourceTree = "<group>"; };
		1A31C8AA2BE43BA5004CCB0B /* OnboardingWelcomeView.swift */ = {isa = PBXFileReference; lastKnownFileType = sourcecode.swift; path = OnboardingWelcomeView.swift; sourceTree = "<group>"; };
		1A31C8AD2BE43D68004CCB0B /* OnboardingProfileView.swift */ = {isa = PBXFileReference; lastKnownFileType = sourcecode.swift; path = OnboardingProfileView.swift; sourceTree = "<group>"; };
		1A31C8AF2BE44310004CCB0B /* ProfileView.swift */ = {isa = PBXFileReference; lastKnownFileType = sourcecode.swift; path = ProfileView.swift; sourceTree = "<group>"; };
		1A358F7E2BE6BFDF001AB224 /* CenteredLabelStyle.swift */ = {isa = PBXFileReference; lastKnownFileType = sourcecode.swift; path = CenteredLabelStyle.swift; sourceTree = "<group>"; };
		1A3B77E52BE7B33B008DCBF4 /* OnboardingRecommendationView.swift */ = {isa = PBXFileReference; lastKnownFileType = sourcecode.swift; path = OnboardingRecommendationView.swift; sourceTree = "<group>"; };
		1A3B77E92BE7DE8D008DCBF4 /* BackgroundGradientView.swift */ = {isa = PBXFileReference; lastKnownFileType = sourcecode.swift; path = BackgroundGradientView.swift; sourceTree = "<group>"; };
		1A3B77F32BE7E9E8008DCBF4 /* Shimmer.metal */ = {isa = PBXFileReference; fileEncoding = 4; lastKnownFileType = sourcecode.metal; path = Shimmer.metal; sourceTree = "<group>"; };
		1A44CC5E2BEAA87B00A3D95B /* ConfettiImmersive.swift */ = {isa = PBXFileReference; lastKnownFileType = sourcecode.swift; path = ConfettiImmersive.swift; sourceTree = "<group>"; };
		1A44CC622BEAB86800A3D95B /* UserDataModel.swift */ = {isa = PBXFileReference; lastKnownFileType = sourcecode.swift; path = UserDataModel.swift; sourceTree = "<group>"; };
		1A56D1C92BE6557E00247B85 /* like_animation.lottie */ = {isa = PBXFileReference; lastKnownFileType = file; path = like_animation.lottie; sourceTree = "<group>"; };
		1A595FF02BE96BD20040469C /* LikesModel.swift */ = {isa = PBXFileReference; lastKnownFileType = sourcecode.swift; path = LikesModel.swift; sourceTree = "<group>"; };
		1A80A29E2BEAC0A1001C8192 /* Artifacts.csv */ = {isa = PBXFileReference; fileEncoding = 4; lastKnownFileType = text; path = Artifacts.csv; sourceTree = "<group>"; };
		1AADF0A52BEF87550095333C /* VolumetricModelView.swift */ = {isa = PBXFileReference; lastKnownFileType = sourcecode.swift; path = VolumetricModelView.swift; sourceTree = "<group>"; };
		1AADF0A72BEF87680095333C /* VolumeModelView.swift */ = {isa = PBXFileReference; lastKnownFileType = sourcecode.swift; path = VolumeModelView.swift; sourceTree = "<group>"; };
		1AADF0A92BEF877B0095333C /* SecondaryVolumeView.swift */ = {isa = PBXFileReference; lastKnownFileType = sourcecode.swift; path = SecondaryVolumeView.swift; sourceTree = "<group>"; };
		1AE1ADBE2BEC0F6A00E60AC6 /* SettingsView.swift */ = {isa = PBXFileReference; lastKnownFileType = sourcecode.swift; path = SettingsView.swift; sourceTree = "<group>"; };
		1AE1ADC22BEC142000E60AC6 /* AppVersionExtension.swift */ = {isa = PBXFileReference; lastKnownFileType = sourcecode.swift; path = AppVersionExtension.swift; sourceTree = "<group>"; };
		1AE1ADC42BEC191200E60AC6 /* ProfileStatsView.swift */ = {isa = PBXFileReference; lastKnownFileType = sourcecode.swift; path = ProfileStatsView.swift; sourceTree = "<group>"; };
		1AE1ADC72BEC19B200E60AC6 /* CircularProgressView.swift */ = {isa = PBXFileReference; lastKnownFileType = sourcecode.swift; path = CircularProgressView.swift; sourceTree = "<group>"; };
		1AE7D1362BE91ADB002A98D6 /* GameView.swift */ = {isa = PBXFileReference; lastKnownFileType = sourcecode.swift; path = GameView.swift; sourceTree = "<group>"; };
		1AE7D1382BE91D64002A98D6 /* ExtensionTransition.swift */ = {isa = PBXFileReference; fileEncoding = 4; lastKnownFileType = sourcecode.swift; path = ExtensionTransition.swift; sourceTree = "<group>"; };
		1AE7D1402BE92034002A98D6 /* ProgressBar.swift */ = {isa = PBXFileReference; fileEncoding = 4; lastKnownFileType = sourcecode.swift; path = ProgressBar.swift; sourceTree = "<group>"; };
		1AE7D1422BE93BF1002A98D6 /* EndOfGameView.swift */ = {isa = PBXFileReference; lastKnownFileType = sourcecode.swift; path = EndOfGameView.swift; sourceTree = "<group>"; };
		1AE9B2DB2BE9007700465DDE /* GuessGameButtonView.swift */ = {isa = PBXFileReference; lastKnownFileType = sourcecode.swift; path = GuessGameButtonView.swift; sourceTree = "<group>"; };
		1AEA7C502BE82F1F006791FD /* ArtifactButtonView.swift */ = {isa = PBXFileReference; lastKnownFileType = sourcecode.swift; path = ArtifactButtonView.swift; sourceTree = "<group>"; };
		1AEA7C532BE83635006791FD /* DevelopedWithLoveView.swift */ = {isa = PBXFileReference; lastKnownFileType = sourcecode.swift; path = DevelopedWithLoveView.swift; sourceTree = "<group>"; };
		1AEA7C562BE83707006791FD /* ExpandableMapView.swift */ = {isa = PBXFileReference; lastKnownFileType = sourcecode.swift; path = ExpandableMapView.swift; sourceTree = "<group>"; };
		1AF111912BD40973004D77EB /* Arcy.app */ = {isa = PBXFileReference; explicitFileType = wrapper.application; includeInIndex = 0; path = Arcy.app; sourceTree = BUILT_PRODUCTS_DIR; };
		1AF111952BD40973004D77EB /* RealityKitContent */ = {isa = PBXFileReference; lastKnownFileType = wrapper; path = RealityKitContent; sourceTree = "<group>"; };
		1AF111982BD40973004D77EB /* ArcyApp.swift */ = {isa = PBXFileReference; lastKnownFileType = sourcecode.swift; path = ArcyApp.swift; sourceTree = "<group>"; };
		1AF1119A2BD40973004D77EB /* ContentView.swift */ = {isa = PBXFileReference; lastKnownFileType = sourcecode.swift; path = ContentView.swift; sourceTree = "<group>"; };
		1AF1119E2BD40974004D77EB /* Assets.xcassets */ = {isa = PBXFileReference; lastKnownFileType = folder.assetcatalog; path = Assets.xcassets; sourceTree = "<group>"; };
		1AF111A32BD40974004D77EB /* Info.plist */ = {isa = PBXFileReference; lastKnownFileType = text.plist.xml; path = Info.plist; sourceTree = "<group>"; };
		1AFA26202BE4101900FD8152 /* ArchiveView.swift */ = {isa = PBXFileReference; lastKnownFileType = sourcecode.swift; path = ArchiveView.swift; sourceTree = "<group>"; };
		1AFA26222BE417EA00FD8152 /* ArchiveDetailView.swift */ = {isa = PBXFileReference; lastKnownFileType = sourcecode.swift; path = ArchiveDetailView.swift; sourceTree = "<group>"; };
		1AFA26242BE41B1C00FD8152 /* OnboardingView.swift */ = {isa = PBXFileReference; fileEncoding = 4; lastKnownFileType = sourcecode.swift; path = OnboardingView.swift; sourceTree = "<group>"; };
/* End PBXFileReference section */

/* Begin PBXFrameworksBuildPhase section */
		1AF1118E2BD40973004D77EB /* Frameworks */ = {
			isa = PBXFrameworksBuildPhase;
			buildActionMask = 2147483647;
			files = (
				1AF111972BD40973004D77EB /* RealityKitContent in Frameworks */,
				1A24735D2BE584AA001A0275 /* Lottie in Frameworks */,
			);
			runOnlyForDeploymentPostprocessing = 0;
		};
/* End PBXFrameworksBuildPhase section */

/* Begin PBXGroup section */
		1A03E6362BE98ED200A0ACBB /* Artifacts Models */ = {
			isa = PBXGroup;
			children = (
				1A03E6142BE98ED200A0ACBB /* Bottle_with_anthropomorphic_head.usdz */,
				1A03E6152BE98ED200A0ACBB /* Anthropomorphic_vessel.usdz */,
				1A03E6162BE98ED200A0ACBB /* Apulian_bell_krater.usdz */,
				1A03E6172BE98ED200A0ACBB /* Attic_black_figured_hydria.usdz */,
				1A03E6182BE98ED200A0ACBB /* Attic_black-figure_amphora.usdz */,
				1A03E6192BE98ED200A0ACBB /* Attic_red_figured_krater.usdz */,
				1A03E61A2BE98ED200A0ACBB /* Attic_red-figure_pelike.usdz */,
				1A03E61B2BE98ED200A0ACBB /* Carved_gourd.usdz */,
				1A03E61C2BE98ED200A0ACBB /* Corinthian_bowl.usdz */,
				1A03E61D2BE98ED200A0ACBB /* Corinthian_oinochoe.usdz */,
				1A03E61E2BE98ED200A0ACBB /* Cup_with_painted_face.usdz */,
				1A03E61F2BE98ED200A0ACBB /* Female_terracotta_head_from_an_etruscan_tomb.usdz */,
				1A03E6202BE98ED200A0ACBB /* Geometric_bowl_from_athens.usdz */,
				1A03E6212BE98ED200A0ACBB /* Head_of_a_horse.usdz */,
				1A03E6222BE98ED200A0ACBB /* Laconian_kylix.usdz */,
				1A03E6232BE98ED200A0ACBB /* Male_head_from_an_etruscan_tomb.usdz */,
				1A03E6242BE98ED200A0ACBB /* Male_terracotta_figurines.usdz */,
				1A03E6252BE98ED200A0ACBB /* Mycenaean_kylix.usdz */,
				1A03E6262BE98ED200A0ACBB /* Painted_vessel.usdz */,
				1A03E6272BE98ED200A0ACBB /* Pinax_with_depiction_of_zeus.usdz */,
				1A03E6282BE98ED200A0ACBB /* Pomegranate.usdz */,
				1A03E6292BE98ED200A0ACBB /* Protogeometric_lekythos_from_athens.usdz */,
				1A03E62A2BE98ED200A0ACBB /* Saint-valentin_cup.usdz */,
				1A03E62B2BE98ED200A0ACBB /* Small_terracotta_figurine_of_a_veiled_woman.usdz */,
				1A03E62C2BE98ED200A0ACBB /* Terracotta_figurine_of_a_dog.usdz */,
				1A03E62D2BE98ED200A0ACBB /* Terracotta_figurine_of_a_monkey_grinding_grain.usdz */,
				1A03E62E2BE98ED200A0ACBB /* Terracotta_figurine_of_a_seated_goddess.usdz */,
				1A03E62F2BE98ED200A0ACBB /* Terracotta_figurine_of_a_veiled_woman.usdz */,
				1A03E6302BE98ED200A0ACBB /* Terracotta_figurine_of_a_woman.usdz */,
				1A03E6312BE98ED200A0ACBB /* Vessel_with_anthropomorphic_application.usdz */,
				1A03E6332BE98ED200A0ACBB /* Vessel_with_geometric_pattern.usdz */,
				1A03E6342BE98ED200A0ACBB /* Vessel_with_inscription.usdz */,
				1A03E6352BE98ED200A0ACBB /* Zapotec_ceramic_vessel.usdz */,
			);
			path = "Artifacts Models";
			sourceTree = "<group>";
		};
		1A07A2912BED67C1002E103D /* ML Model */ = {
			isa = PBXGroup;
			children = (
				1A07A28B2BED5862002E103D /* ArcyRecommender.mlmodel */,
			);
			path = "ML Model";
			sourceTree = "<group>";
		};
		1A07A2922BED67C8002E103D /* SCV Files */ = {
			isa = PBXGroup;
			children = (
				1A80A29E2BEAC0A1001C8192 /* Artifacts.csv */,
			);
			path = "SCV Files";
			sourceTree = "<group>";
		};
		1A07A2932BED6837002E103D /* Secondary View */ = {
			isa = PBXGroup;
			children = (
				1AE1ADBE2BEC0F6A00E60AC6 /* SettingsView.swift */,
				1A31C8AF2BE44310004CCB0B /* ProfileView.swift */,
			);
			path = "Secondary View";
			sourceTree = "<group>";
		};
		1A0CE8592BEFB6E0009203F1 /* Persistancy */ = {
			isa = PBXGroup;
			children = (
				1A0CE84E2BEFB27B009203F1 /* PhotosModel.xcdatamodeld */,
				1A0CE8532BEFB438009203F1 /* CoreDataManager.swift */,
				1A0CE8552BEFB5C0009203F1 /* UIImageTransformer.swift */,
				1A0CE8572BEFB6DB009203F1 /* PhotosViewModel.swift */,
				1A0CE8512BEFB353009203F1 /* Photo.swift */,
			);
			path = Persistancy;
			sourceTree = "<group>";
		};
		1A185AE52BE4508900B7843C /* Shaders */ = {
			isa = PBXGroup;
			children = (
				1A3B77F32BE7E9E8008DCBF4 /* Shimmer.metal */,
				1A185AE32BE44EEC00B7843C /* Sinebow.metal */,
			);
			path = Shaders;
			sourceTree = "<group>";
		};
		1A2473612BE58514001A0275 /* Lottie Files */ = {
			isa = PBXGroup;
			children = (
				1A24735F2BE58514001A0275 /* LottieView.swift */,
				1A2473602BE58514001A0275 /* UILottieView.swift */,
			);
			path = "Lottie Files";
			sourceTree = "<group>";
		};
		1A2473652BE58587001A0275 /* Support Files */ = {
			isa = PBXGroup;
			children = (
				1A2473612BE58514001A0275 /* Lottie Files */,
				1A358F7E2BE6BFDF001AB224 /* CenteredLabelStyle.swift */,
				1AE7D1382BE91D64002A98D6 /* ExtensionTransition.swift */,
				1AE1ADC22BEC142000E60AC6 /* AppVersionExtension.swift */,
			);
			path = "Support Files";
			sourceTree = "<group>";
		};
		1A2473672BE585D6001A0275 /* Resources */ = {
			isa = PBXGroup;
			children = (
				1A07A2922BED67C8002E103D /* SCV Files */,
				1A07A2912BED67C1002E103D /* ML Model */,
				1A2473682BE585EC001A0275 /* Lotties */,
				1A31C88E2BE42532004CCB0B /* 3D Content */,
				1A185AE52BE4508900B7843C /* Shaders */,
			);
			path = Resources;
			sourceTree = "<group>";
		};
		1A2473682BE585EC001A0275 /* Lotties */ = {
			isa = PBXGroup;
			children = (
				1A56D1C92BE6557E00247B85 /* like_animation.lottie */,
				1A24736D2BE597A1001A0275 /* like_animation_white.lottie */,
			);
			path = Lotties;
			sourceTree = "<group>";
		};
		1A2473712BE638CE001A0275 /* Components */ = {
			isa = PBXGroup;
			children = (
				1A41C1912BE63DC4002252B9 /* Like Buttons */,
				1A41C1902BE63DAA002252B9 /* Profile */,
				1AEA7C522BE82F27006791FD /* Artifact cards */,
				1A24732F2BE5690B001A0275 /* ArtifactModelView.swift */,
				1A2405322BED263A00AD9D17 /* MeetAIAnimatedGradient.swift */,
				1AEA7C532BE83635006791FD /* DevelopedWithLoveView.swift */,
			);
			path = Components;
			sourceTree = "<group>";
		};
		1A31C88E2BE42532004CCB0B /* 3D Content */ = {
			isa = PBXGroup;
			children = (
				1A03E6362BE98ED200A0ACBB /* Artifacts Models */,
			);
			path = "3D Content";
			sourceTree = "<group>";
		};
		1A31C8A12BE42E05004CCB0B /* Models */ = {
			isa = PBXGroup;
			children = (
				1A31C88C2BE4245E004CCB0B /* ArtifactModel.swift */,
				1A595FF02BE96BD20040469C /* LikesModel.swift */,
				1A44CC622BEAB86800A3D95B /* UserDataModel.swift */,
				1A31C8A22BE42E0B004CCB0B /* View Models */,
			);
			path = Models;
			sourceTree = "<group>";
		};
		1A31C8A22BE42E0B004CCB0B /* View Models */ = {
			isa = PBXGroup;
			children = (
				1AADF0A72BEF87680095333C /* VolumeModelView.swift */,
				1A31C8A42BE42E8A004CCB0B /* ArtifactViewModel.swift */,
			);
			path = "View Models";
			sourceTree = "<group>";
		};
		1A31C8AC2BE43D52004CCB0B /* Onboarding */ = {
			isa = PBXGroup;
			children = (
				1A3B77E42BE7AF80008DCBF4 /* Components */,
				1AFA26242BE41B1C00FD8152 /* OnboardingView.swift */,
				1A31C8AA2BE43BA5004CCB0B /* OnboardingWelcomeView.swift */,
				1A2473352BE578AF001A0275 /* OnboardingFeaturesView.swift */,
				1A31C8AD2BE43D68004CCB0B /* OnboardingProfileView.swift */,
				1A3B77E92BE7DE8D008DCBF4 /* BackgroundGradientView.swift */,
			);
			path = Onboarding;
			sourceTree = "<group>";
		};
		1A3B77E42BE7AF80008DCBF4 /* Components */ = {
			isa = PBXGroup;
			children = (
				1A2473332BE576FD001A0275 /* OnboardingCardView.swift */,
				1A3B77E52BE7B33B008DCBF4 /* OnboardingRecommendationView.swift */,
			);
			path = Components;
			sourceTree = "<group>";
		};
		1A41C1902BE63DAA002252B9 /* Profile */ = {
			isa = PBXGroup;
			children = (
				1A2473272BE538E4001A0275 /* ProfilePictureView.swift */,
				1A2473312BE574A1001A0275 /* ProfileEditView.swift */,
			);
			path = Profile;
			sourceTree = "<group>";
		};
		1A41C1912BE63DC4002252B9 /* Like Buttons */ = {
			isa = PBXGroup;
			children = (
				1A24732B2BE563D6001A0275 /* LikeButtonView.swift */,
				1A24736B2BE59638001A0275 /* OneShotLikeButtonView.swift */,
			);
			path = "Like Buttons";
			sourceTree = "<group>";
		};
		1AE1ADC62BEC19A100E60AC6 /* Profile Stats */ = {
			isa = PBXGroup;
			children = (
				1AE1ADC42BEC191200E60AC6 /* ProfileStatsView.swift */,
				1AE1ADC72BEC19B200E60AC6 /* CircularProgressView.swift */,
			);
			path = "Profile Stats";
			sourceTree = "<group>";
		};
		1AE7D1442BE93C06002A98D6 /* Components */ = {
			isa = PBXGroup;
			children = (
				1A44CC5E2BEAA87B00A3D95B /* ConfettiImmersive.swift */,
				1AE9B2DB2BE9007700465DDE /* GuessGameButtonView.swift */,
				1AE7D1402BE92034002A98D6 /* ProgressBar.swift */,
			);
			path = Components;
			sourceTree = "<group>";
		};
		1AE9B2DA2BE9005C00465DDE /* Guess Game */ = {
			isa = PBXGroup;
			children = (
				1AE1ADC62BEC19A100E60AC6 /* Profile Stats */,
				1AE7D1442BE93C06002A98D6 /* Components */,
				1AE7D1362BE91ADB002A98D6 /* GameView.swift */,
				1A24732D2BE568CA001A0275 /* GuessGameView.swift */,
				1AE7D1422BE93BF1002A98D6 /* EndOfGameView.swift */,
			);
			path = "Guess Game";
			sourceTree = "<group>";
		};
		1AEA7C522BE82F27006791FD /* Artifact cards */ = {
			isa = PBXGroup;
			children = (
				1A2473292BE550C8001A0275 /* ArtifactFlatCardView.swift */,
				1AEA7C502BE82F1F006791FD /* ArtifactButtonView.swift */,
				1A07A28F2BED6344002E103D /* GridView.swift */,
			);
			path = "Artifact cards";
			sourceTree = "<group>";
		};
		1AEA7C552BE836E2006791FD /* Archive Detail */ = {
			isa = PBXGroup;
			children = (
				1AADF0A92BEF877B0095333C /* SecondaryVolumeView.swift */,
				1AADF0A52BEF87550095333C /* VolumetricModelView.swift */,
				1AFA26222BE417EA00FD8152 /* ArchiveDetailView.swift */,
				1AEA7C562BE83707006791FD /* ExpandableMapView.swift */,
			);
			path = "Archive Detail";
			sourceTree = "<group>";
		};
		1AF111882BD40973004D77EB = {
			isa = PBXGroup;
			children = (
				1AF1119E2BD40974004D77EB /* Assets.xcassets */,
				1AF111A32BD40974004D77EB /* Info.plist */,
				1AF111982BD40973004D77EB /* ArcyApp.swift */,
				1A0CE8592BEFB6E0009203F1 /* Persistancy */,
				1AF111932BD40973004D77EB /* Views */,
				1A2473652BE58587001A0275 /* Support Files */,
				1A2473672BE585D6001A0275 /* Resources */,
				1A31C8A12BE42E05004CCB0B /* Models */,
				1AF111942BD40973004D77EB /* Packages */,
				1AF111922BD40973004D77EB /* Products */,
			);
			sourceTree = "<group>";
		};
		1AF111922BD40973004D77EB /* Products */ = {
			isa = PBXGroup;
			children = (
				1AF111912BD40973004D77EB /* Arcy.app */,
			);
			name = Products;
			sourceTree = "<group>";
		};
		1AF111932BD40973004D77EB /* Views */ = {
			isa = PBXGroup;
			children = (
				1AF1119A2BD40973004D77EB /* ContentView.swift */,
				1A2473712BE638CE001A0275 /* Components */,
				1A31C8AC2BE43D52004CCB0B /* Onboarding */,
				1AEA7C552BE836E2006791FD /* Archive Detail */,
				1AE9B2DA2BE9005C00465DDE /* Guess Game */,
				1A07A2932BED6837002E103D /* Secondary View */,
				1AFA26202BE4101900FD8152 /* ArchiveView.swift */,
				1A07A28D2BED58BC002E103D /* RecommendationView.swift */,
				1A24736F2BE5A47F001A0275 /* CollectionView.swift */,
			);
			path = Views;
			sourceTree = "<group>";
		};
		1AF111942BD40973004D77EB /* Packages */ = {
			isa = PBXGroup;
			children = (
				1AF111952BD40973004D77EB /* RealityKitContent */,
			);
			path = Packages;
			sourceTree = "<group>";
		};
/* End PBXGroup section */

/* Begin PBXNativeTarget section */
		1AF111902BD40973004D77EB /* Arcy */ = {
			isa = PBXNativeTarget;
			buildConfigurationList = 1AF111A62BD40974004D77EB /* Build configuration list for PBXNativeTarget "Arcy" */;
			buildPhases = (
				1AF1118D2BD40973004D77EB /* Sources */,
				1AF1118E2BD40973004D77EB /* Frameworks */,
				1AF1118F2BD40973004D77EB /* Resources */,
			);
			buildRules = (
			);
			dependencies = (
			);
			name = Arcy;
			packageProductDependencies = (
				1AF111962BD40973004D77EB /* RealityKitContent */,
				1A24735C2BE584AA001A0275 /* Lottie */,
			);
			productName = Birdbox;
			productReference = 1AF111912BD40973004D77EB /* Arcy.app */;
			productType = "com.apple.product-type.application";
		};
/* End PBXNativeTarget section */

/* Begin PBXProject section */
		1AF111892BD40973004D77EB /* Project object */ = {
			isa = PBXProject;
			attributes = {
				BuildIndependentTargetsInParallel = 1;
				LastSwiftUpdateCheck = 1530;
				LastUpgradeCheck = 1530;
				TargetAttributes = {
					1AF111902BD40973004D77EB = {
						CreatedOnToolsVersion = 15.3;
					};
				};
			};
			buildConfigurationList = 1AF1118C2BD40973004D77EB /* Build configuration list for PBXProject "Arcy" */;
			compatibilityVersion = "Xcode 14.0";
			developmentRegion = en;
			hasScannedForEncodings = 0;
			knownRegions = (
				en,
				Base,
			);
			mainGroup = 1AF111882BD40973004D77EB;
			packageReferences = (
				1A24735B2BE584A9001A0275 /* XCRemoteSwiftPackageReference "lottie-spm" */,
			);
			productRefGroup = 1AF111922BD40973004D77EB /* Products */;
			projectDirPath = "";
			projectRoot = "";
			targets = (
				1AF111902BD40973004D77EB /* Arcy */,
			);
		};
/* End PBXProject section */

/* Begin PBXResourcesBuildPhase section */
		1AF1118F2BD40973004D77EB /* Resources */ = {
			isa = PBXResourcesBuildPhase;
			buildActionMask = 2147483647;
			files = (
				1A03E64A2BE98ED200A0ACBB /* Pinax_with_depiction_of_zeus.usdz in Resources */,
				1A03E64E2BE98ED200A0ACBB /* Small_terracotta_figurine_of_a_veiled_woman.usdz in Resources */,
				1A24736E2BE597A1001A0275 /* like_animation_white.lottie in Resources */,
				1A03E6482BE98ED200A0ACBB /* Mycenaean_kylix.usdz in Resources */,
				1A03E63D2BE98ED200A0ACBB /* Attic_red-figure_pelike.usdz in Resources */,
				1A03E6532BE98ED200A0ACBB /* Terracotta_figurine_of_a_woman.usdz in Resources */,
				1A03E6572BE98ED200A0ACBB /* Vessel_with_inscription.usdz in Resources */,
				1AF1119F2BD40974004D77EB /* Assets.xcassets in Resources */,
				1A03E63B2BE98ED200A0ACBB /* Attic_black-figure_amphora.usdz in Resources */,
				1A03E6492BE98ED200A0ACBB /* Painted_vessel.usdz in Resources */,
				1A03E64B2BE98ED200A0ACBB /* Pomegranate.usdz in Resources */,
				1A03E6582BE98ED200A0ACBB /* Zapotec_ceramic_vessel.usdz in Resources */,
				1A03E6452BE98ED200A0ACBB /* Laconian_kylix.usdz in Resources */,
				1A03E6392BE98ED200A0ACBB /* Apulian_bell_krater.usdz in Resources */,
				1A03E6402BE98ED200A0ACBB /* Corinthian_oinochoe.usdz in Resources */,
				1A03E6512BE98ED200A0ACBB /* Terracotta_figurine_of_a_seated_goddess.usdz in Resources */,
				1A03E6382BE98ED200A0ACBB /* Anthropomorphic_vessel.usdz in Resources */,
				1A03E64C2BE98ED200A0ACBB /* Protogeometric_lekythos_from_athens.usdz in Resources */,
				1A03E6562BE98ED200A0ACBB /* Vessel_with_geometric_pattern.usdz in Resources */,
				1A03E6472BE98ED200A0ACBB /* Male_terracotta_figurines.usdz in Resources */,
				1A03E6462BE98ED200A0ACBB /* Male_head_from_an_etruscan_tomb.usdz in Resources */,
				1A03E63F2BE98ED200A0ACBB /* Corinthian_bowl.usdz in Resources */,
				1A03E6372BE98ED200A0ACBB /* Bottle_with_anthropomorphic_head.usdz in Resources */,
				1A03E6522BE98ED200A0ACBB /* Terracotta_figurine_of_a_veiled_woman.usdz in Resources */,
				1A03E6502BE98ED200A0ACBB /* Terracotta_figurine_of_a_monkey_grinding_grain.usdz in Resources */,
				1A03E6412BE98ED200A0ACBB /* Cup_with_painted_face.usdz in Resources */,
				1A80A29F2BEAC0A1001C8192 /* Artifacts.csv in Resources */,
				1A03E6542BE98ED200A0ACBB /* Vessel_with_anthropomorphic_application.usdz in Resources */,
				1A03E6442BE98ED200A0ACBB /* Head_of_a_horse.usdz in Resources */,
				1A03E6432BE98ED200A0ACBB /* Geometric_bowl_from_athens.usdz in Resources */,
				1A03E64F2BE98ED200A0ACBB /* Terracotta_figurine_of_a_dog.usdz in Resources */,
				1A03E63C2BE98ED200A0ACBB /* Attic_red_figured_krater.usdz in Resources */,
				1A03E6422BE98ED200A0ACBB /* Female_terracotta_head_from_an_etruscan_tomb.usdz in Resources */,
				1A03E63A2BE98ED200A0ACBB /* Attic_black_figured_hydria.usdz in Resources */,
				1A56D1CA2BE6557E00247B85 /* like_animation.lottie in Resources */,
				1A03E63E2BE98ED200A0ACBB /* Carved_gourd.usdz in Resources */,
				1A03E64D2BE98ED200A0ACBB /* Saint-valentin_cup.usdz in Resources */,
			);
			runOnlyForDeploymentPostprocessing = 0;
		};
/* End PBXResourcesBuildPhase section */

/* Begin PBXSourcesBuildPhase section */
		1AF1118D2BD40973004D77EB /* Sources */ = {
			isa = PBXSourcesBuildPhase;
			buildActionMask = 2147483647;
			files = (
				1A07A28C2BED5862002E103D /* ArcyRecommender.mlmodel in Sources */,
				1A31C8AB2BE43BA5004CCB0B /* OnboardingWelcomeView.swift in Sources */,
				1A2473322BE574A1001A0275 /* ProfileEditView.swift in Sources */,
				1AE7D1392BE91D64002A98D6 /* ExtensionTransition.swift in Sources */,
				1A595FF12BE96BD20040469C /* LikesModel.swift in Sources */,
				1A07A28E2BED58BC002E103D /* RecommendationView.swift in Sources */,
				1AE1ADC52BEC191200E60AC6 /* ProfileStatsView.swift in Sources */,
				1A24732C2BE563D6001A0275 /* LikeButtonView.swift in Sources */,
				1A2473302BE5690C001A0275 /* ArtifactModelView.swift in Sources */,
				1A0CE8562BEFB5C0009203F1 /* UIImageTransformer.swift in Sources */,
				1A2473702BE5A47F001A0275 /* CollectionView.swift in Sources */,
				1A24736C2BE59638001A0275 /* OneShotLikeButtonView.swift in Sources */,
				1AF1119B2BD40973004D77EB /* ContentView.swift in Sources */,
				1A31C8B02BE44310004CCB0B /* ProfileView.swift in Sources */,
				1A07A2902BED6344002E103D /* GridView.swift in Sources */,
				1AF111992BD40973004D77EB /* ArcyApp.swift in Sources */,
				1AE1ADBF2BEC0F6A00E60AC6 /* SettingsView.swift in Sources */,
				1A2473632BE58514001A0275 /* LottieView.swift in Sources */,
				1AE1ADC82BEC19B200E60AC6 /* CircularProgressView.swift in Sources */,
				1A31C8A52BE42E8A004CCB0B /* ArtifactViewModel.swift in Sources */,
				1A24732E2BE568CA001A0275 /* GuessGameView.swift in Sources */,
				1A31C8AE2BE43D68004CCB0B /* OnboardingProfileView.swift in Sources */,
				1AEA7C572BE83707006791FD /* ExpandableMapView.swift in Sources */,
				1AADF0A82BEF87680095333C /* VolumeModelView.swift in Sources */,
				1AADF0AA2BEF877B0095333C /* SecondaryVolumeView.swift in Sources */,
				1AFA26252BE41B1C00FD8152 /* OnboardingView.swift in Sources */,
				1A3B77F42BE7E9E8008DCBF4 /* Shimmer.metal in Sources */,
				1AE7D1412BE92034002A98D6 /* ProgressBar.swift in Sources */,
				1A0CE8522BEFB353009203F1 /* Photo.swift in Sources */,
				1AEA7C542BE83635006791FD /* DevelopedWithLoveView.swift in Sources */,
				1A358F7F2BE6BFDF001AB224 /* CenteredLabelStyle.swift in Sources */,
				1AADF0A62BEF87550095333C /* VolumetricModelView.swift in Sources */,
				1A185AE42BE44EEC00B7843C /* Sinebow.metal in Sources */,
				1AE7D1372BE91ADB002A98D6 /* GameView.swift in Sources */,
				1A2473642BE58514001A0275 /* UILottieView.swift in Sources */,
				1AFA26232BE417EA00FD8152 /* ArchiveDetailView.swift in Sources */,
				1A44CC5F2BEAA87B00A3D95B /* ConfettiImmersive.swift in Sources */,
				1AEA7C512BE82F1F006791FD /* ArtifactButtonView.swift in Sources */,
				1A44CC632BEAB86800A3D95B /* UserDataModel.swift in Sources */,
				1A2473342BE576FD001A0275 /* OnboardingCardView.swift in Sources */,
				1A3B77EA2BE7DE8D008DCBF4 /* BackgroundGradientView.swift in Sources */,
				1A2405332BED263A00AD9D17 /* MeetAIAnimatedGradient.swift in Sources */,
				1A2473282BE538E4001A0275 /* ProfilePictureView.swift in Sources */,
				1AE7D1432BE93BF1002A98D6 /* EndOfGameView.swift in Sources */,
				1AE1ADC32BEC142000E60AC6 /* AppVersionExtension.swift in Sources */,
				1A0CE8582BEFB6DB009203F1 /* PhotosViewModel.swift in Sources */,
				1A24732A2BE550C8001A0275 /* ArtifactFlatCardView.swift in Sources */,
				1AE9B2DC2BE9007700465DDE /* GuessGameButtonView.swift in Sources */,
				1A0CE8542BEFB438009203F1 /* CoreDataManager.swift in Sources */,
				1A2473362BE578AF001A0275 /* OnboardingFeaturesView.swift in Sources */,
				1AFA26212BE4101900FD8152 /* ArchiveView.swift in Sources */,
				1A0CE8502BEFB27B009203F1 /* PhotosModel.xcdatamodeld in Sources */,
				1A3B77E62BE7B33B008DCBF4 /* OnboardingRecommendationView.swift in Sources */,
				1A31C88D2BE4245E004CCB0B /* ArtifactModel.swift in Sources */,
			);
			runOnlyForDeploymentPostprocessing = 0;
		};
/* End PBXSourcesBuildPhase section */

/* Begin XCBuildConfiguration section */
		1AF111A42BD40974004D77EB /* Debug */ = {
			isa = XCBuildConfiguration;
			buildSettings = {
				ALWAYS_SEARCH_USER_PATHS = NO;
				ASSETCATALOG_COMPILER_GENERATE_SWIFT_ASSET_SYMBOL_EXTENSIONS = YES;
				CLANG_ANALYZER_NONNULL = YES;
				CLANG_ANALYZER_NUMBER_OBJECT_CONVERSION = YES_AGGRESSIVE;
				CLANG_CXX_LANGUAGE_STANDARD = "gnu++20";
				CLANG_ENABLE_MODULES = YES;
				CLANG_ENABLE_OBJC_ARC = YES;
				CLANG_ENABLE_OBJC_WEAK = YES;
				CLANG_WARN_BLOCK_CAPTURE_AUTORELEASING = YES;
				CLANG_WARN_BOOL_CONVERSION = YES;
				CLANG_WARN_COMMA = YES;
				CLANG_WARN_CONSTANT_CONVERSION = YES;
				CLANG_WARN_DEPRECATED_OBJC_IMPLEMENTATIONS = YES;
				CLANG_WARN_DIRECT_OBJC_ISA_USAGE = YES_ERROR;
				CLANG_WARN_DOCUMENTATION_COMMENTS = YES;
				CLANG_WARN_EMPTY_BODY = YES;
				CLANG_WARN_ENUM_CONVERSION = YES;
				CLANG_WARN_INFINITE_RECURSION = YES;
				CLANG_WARN_INT_CONVERSION = YES;
				CLANG_WARN_NON_LITERAL_NULL_CONVERSION = YES;
				CLANG_WARN_OBJC_IMPLICIT_RETAIN_SELF = YES;
				CLANG_WARN_OBJC_LITERAL_CONVERSION = YES;
				CLANG_WARN_OBJC_ROOT_CLASS = YES_ERROR;
				CLANG_WARN_QUOTED_INCLUDE_IN_FRAMEWORK_HEADER = YES;
				CLANG_WARN_RANGE_LOOP_ANALYSIS = YES;
				CLANG_WARN_STRICT_PROTOTYPES = YES;
				CLANG_WARN_SUSPICIOUS_MOVE = YES;
				CLANG_WARN_UNGUARDED_AVAILABILITY = YES_AGGRESSIVE;
				CLANG_WARN_UNREACHABLE_CODE = YES;
				CLANG_WARN__DUPLICATE_METHOD_MATCH = YES;
				COPY_PHASE_STRIP = NO;
				DEBUG_INFORMATION_FORMAT = dwarf;
				ENABLE_STRICT_OBJC_MSGSEND = YES;
				ENABLE_TESTABILITY = YES;
				ENABLE_USER_SCRIPT_SANDBOXING = YES;
				GCC_C_LANGUAGE_STANDARD = gnu17;
				GCC_DYNAMIC_NO_PIC = NO;
				GCC_NO_COMMON_BLOCKS = YES;
				GCC_OPTIMIZATION_LEVEL = 0;
				GCC_PREPROCESSOR_DEFINITIONS = (
					"DEBUG=1",
					"$(inherited)",
				);
				GCC_WARN_64_TO_32_BIT_CONVERSION = YES;
				GCC_WARN_ABOUT_RETURN_TYPE = YES_ERROR;
				GCC_WARN_UNDECLARED_SELECTOR = YES;
				GCC_WARN_UNINITIALIZED_AUTOS = YES_AGGRESSIVE;
				GCC_WARN_UNUSED_FUNCTION = YES;
				GCC_WARN_UNUSED_VARIABLE = YES;
				LOCALIZATION_PREFERS_STRING_CATALOGS = YES;
				MTL_ENABLE_DEBUG_INFO = INCLUDE_SOURCE;
				MTL_FAST_MATH = YES;
				ONLY_ACTIVE_ARCH = YES;
				SDKROOT = xros;
				SWIFT_ACTIVE_COMPILATION_CONDITIONS = "DEBUG $(inherited)";
				SWIFT_OPTIMIZATION_LEVEL = "-Onone";
				XROS_DEPLOYMENT_TARGET = 1.1;
			};
			name = Debug;
		};
		1AF111A52BD40974004D77EB /* Release */ = {
			isa = XCBuildConfiguration;
			buildSettings = {
				ALWAYS_SEARCH_USER_PATHS = NO;
				ASSETCATALOG_COMPILER_GENERATE_SWIFT_ASSET_SYMBOL_EXTENSIONS = YES;
				CLANG_ANALYZER_NONNULL = YES;
				CLANG_ANALYZER_NUMBER_OBJECT_CONVERSION = YES_AGGRESSIVE;
				CLANG_CXX_LANGUAGE_STANDARD = "gnu++20";
				CLANG_ENABLE_MODULES = YES;
				CLANG_ENABLE_OBJC_ARC = YES;
				CLANG_ENABLE_OBJC_WEAK = YES;
				CLANG_WARN_BLOCK_CAPTURE_AUTORELEASING = YES;
				CLANG_WARN_BOOL_CONVERSION = YES;
				CLANG_WARN_COMMA = YES;
				CLANG_WARN_CONSTANT_CONVERSION = YES;
				CLANG_WARN_DEPRECATED_OBJC_IMPLEMENTATIONS = YES;
				CLANG_WARN_DIRECT_OBJC_ISA_USAGE = YES_ERROR;
				CLANG_WARN_DOCUMENTATION_COMMENTS = YES;
				CLANG_WARN_EMPTY_BODY = YES;
				CLANG_WARN_ENUM_CONVERSION = YES;
				CLANG_WARN_INFINITE_RECURSION = YES;
				CLANG_WARN_INT_CONVERSION = YES;
				CLANG_WARN_NON_LITERAL_NULL_CONVERSION = YES;
				CLANG_WARN_OBJC_IMPLICIT_RETAIN_SELF = YES;
				CLANG_WARN_OBJC_LITERAL_CONVERSION = YES;
				CLANG_WARN_OBJC_ROOT_CLASS = YES_ERROR;
				CLANG_WARN_QUOTED_INCLUDE_IN_FRAMEWORK_HEADER = YES;
				CLANG_WARN_RANGE_LOOP_ANALYSIS = YES;
				CLANG_WARN_STRICT_PROTOTYPES = YES;
				CLANG_WARN_SUSPICIOUS_MOVE = YES;
				CLANG_WARN_UNGUARDED_AVAILABILITY = YES_AGGRESSIVE;
				CLANG_WARN_UNREACHABLE_CODE = YES;
				CLANG_WARN__DUPLICATE_METHOD_MATCH = YES;
				COPY_PHASE_STRIP = NO;
				DEBUG_INFORMATION_FORMAT = "dwarf-with-dsym";
				ENABLE_NS_ASSERTIONS = NO;
				ENABLE_STRICT_OBJC_MSGSEND = YES;
				ENABLE_USER_SCRIPT_SANDBOXING = YES;
				GCC_C_LANGUAGE_STANDARD = gnu17;
				GCC_NO_COMMON_BLOCKS = YES;
				GCC_WARN_64_TO_32_BIT_CONVERSION = YES;
				GCC_WARN_ABOUT_RETURN_TYPE = YES_ERROR;
				GCC_WARN_UNDECLARED_SELECTOR = YES;
				GCC_WARN_UNINITIALIZED_AUTOS = YES_AGGRESSIVE;
				GCC_WARN_UNUSED_FUNCTION = YES;
				GCC_WARN_UNUSED_VARIABLE = YES;
				LOCALIZATION_PREFERS_STRING_CATALOGS = YES;
				MTL_ENABLE_DEBUG_INFO = NO;
				MTL_FAST_MATH = YES;
				SDKROOT = xros;
				SWIFT_COMPILATION_MODE = wholemodule;
				VALIDATE_PRODUCT = YES;
				XROS_DEPLOYMENT_TARGET = 1.1;
			};
			name = Release;
		};
		1AF111A72BD40974004D77EB /* Debug */ = {
			isa = XCBuildConfiguration;
			buildSettings = {
				ASSETCATALOG_COMPILER_APPICON_NAME = AppIcon;
				ASSETCATALOG_COMPILER_GLOBAL_ACCENT_COLOR_NAME = AccentColor;
				CODE_SIGN_STYLE = Automatic;
				CURRENT_PROJECT_VERSION = 1;
				DEVELOPMENT_TEAM = GXDG2KXXXC;
				ENABLE_PREVIEWS = YES;
				GENERATE_INFOPLIST_FILE = YES;
				INFOPLIST_FILE = Info.plist;
				INFOPLIST_KEY_CFBundleDisplayName = Arcy;
				INFOPLIST_KEY_LSApplicationCategoryType = "public.app-category.education";
				LD_RUNPATH_SEARCH_PATHS = (
					"$(inherited)",
					"@executable_path/Frameworks",
				);
				MARKETING_VERSION = 1.0;
				PRODUCT_BUNDLE_IDENTIFIER = dev.novoselov.Birdbox;
				PRODUCT_NAME = "$(TARGET_NAME)";
				SUPPORTED_PLATFORMS = "xros xrsimulator";
				SWIFT_EMIT_LOC_STRINGS = YES;
				SWIFT_VERSION = 5.0;
				TARGETED_DEVICE_FAMILY = "1,2,7";
			};
			name = Debug;
		};
		1AF111A82BD40974004D77EB /* Release */ = {
			isa = XCBuildConfiguration;
			buildSettings = {
				ASSETCATALOG_COMPILER_APPICON_NAME = AppIcon;
				ASSETCATALOG_COMPILER_GLOBAL_ACCENT_COLOR_NAME = AccentColor;
				CODE_SIGN_STYLE = Automatic;
				CURRENT_PROJECT_VERSION = 1;
				DEVELOPMENT_TEAM = GXDG2KXXXC;
				ENABLE_PREVIEWS = YES;
				GENERATE_INFOPLIST_FILE = YES;
				INFOPLIST_FILE = Info.plist;
				INFOPLIST_KEY_CFBundleDisplayName = Arcy;
				INFOPLIST_KEY_LSApplicationCategoryType = "public.app-category.education";
				LD_RUNPATH_SEARCH_PATHS = (
					"$(inherited)",
					"@executable_path/Frameworks",
				);
				MARKETING_VERSION = 1.0;
				PRODUCT_BUNDLE_IDENTIFIER = dev.novoselov.Birdbox;
				PRODUCT_NAME = "$(TARGET_NAME)";
				SUPPORTED_PLATFORMS = "xros xrsimulator";
				SWIFT_EMIT_LOC_STRINGS = YES;
				SWIFT_VERSION = 5.0;
				TARGETED_DEVICE_FAMILY = "1,2,7";
			};
			name = Release;
		};
/* End XCBuildConfiguration section */

/* Begin XCConfigurationList section */
		1AF1118C2BD40973004D77EB /* Build configuration list for PBXProject "Arcy" */ = {
			isa = XCConfigurationList;
			buildConfigurations = (
				1AF111A42BD40974004D77EB /* Debug */,
				1AF111A52BD40974004D77EB /* Release */,
			);
			defaultConfigurationIsVisible = 0;
			defaultConfigurationName = Release;
		};
		1AF111A62BD40974004D77EB /* Build configuration list for PBXNativeTarget "Arcy" */ = {
			isa = XCConfigurationList;
			buildConfigurations = (
				1AF111A72BD40974004D77EB /* Debug */,
				1AF111A82BD40974004D77EB /* Release */,
			);
			defaultConfigurationIsVisible = 0;
			defaultConfigurationName = Release;
		};
/* End XCConfigurationList section */

/* Begin XCRemoteSwiftPackageReference section */
		1A24735B2BE584A9001A0275 /* XCRemoteSwiftPackageReference "lottie-spm" */ = {
			isa = XCRemoteSwiftPackageReference;
			repositoryURL = "https://github.com/airbnb/lottie-spm.git";
			requirement = {
				kind = upToNextMajorVersion;
				minimumVersion = 4.4.3;
			};
		};
/* End XCRemoteSwiftPackageReference section */

/* Begin XCSwiftPackageProductDependency section */
		1A24735C2BE584AA001A0275 /* Lottie */ = {
			isa = XCSwiftPackageProductDependency;
			package = 1A24735B2BE584A9001A0275 /* XCRemoteSwiftPackageReference "lottie-spm" */;
			productName = Lottie;
		};
		1AF111962BD40973004D77EB /* RealityKitContent */ = {
			isa = XCSwiftPackageProductDependency;
			productName = RealityKitContent;
		};
/* End XCSwiftPackageProductDependency section */

/* Begin XCVersionGroup section */
		1A0CE84E2BEFB27B009203F1 /* PhotosModel.xcdatamodeld */ = {
			isa = XCVersionGroup;
			children = (
				1A0CE84F2BEFB27B009203F1 /* Model.xcdatamodel */,
			);
			currentVersion = 1A0CE84F2BEFB27B009203F1 /* Model.xcdatamodel */;
			path = PhotosModel.xcdatamodeld;
			sourceTree = "<group>";
			versionGroupType = wrapper.xcdatamodel;
		};
/* End XCVersionGroup section */
	};
	rootObject = 1AF111892BD40973004D77EB /* Project object */;
}
